
Microsoft Visual Studio Solution File, Format Version 12.00
# Visual Studio 15
VisualStudioVersion = 15.0.28010.2046
MinimumVisualStudioVersion = 10.0.40219.1
Project("{FAE04EC0-301F-11D3-BF4B-00C04F79EFBC}") = "Portfolio.Android", "Portfolio\Portfolio.Android\Portfolio.Android.csproj", "{3216DB08-06EB-40F3-B573-BA152A0B96EB}"
EndProject
Project("{FAE04EC0-301F-11D3-BF4B-00C04F79EFBC}") = "Portfolio", "Portfolio\Portfolio\Portfolio.csproj", "{396682F3-0D44-4444-87F4-2078B98EC1E2}"
EndProject
Global
	GlobalSection(SolutionConfigurationPlatforms) = preSolution
		Debug|Any CPU = Debug|Any CPU
		Release|Any CPU = Release|Any CPU
	EndGlobalSection
	GlobalSection(ProjectConfigurationPlatforms) = postSolution
		{3216DB08-06EB-40F3-B573-BA152A0B96EB}.Debug|Any CPU.ActiveCfg = Debug|Any CPU
		{3216DB08-06EB-40F3-B573-BA152A0B96EB}.Debug|Any CPU.Build.0 = Debug|Any CPU
		{3216DB08-06EB-40F3-B573-BA152A0B96EB}.Debug|Any CPU.Deploy.0 = Debug|Any CPU
		{3216DB08-06EB-40F3-B573-BA152A0B96EB}.Release|Any CPU.ActiveCfg = Release|Any CPU
		{3216DB08-06EB-40F3-B573-BA152A0B96EB}.Release|Any CPU.Build.0 = Release|Any CPU
		{3216DB08-06EB-40F3-B573-BA152A0B96EB}.Release|Any CPU.Deploy.0 = Release|Any CPU
		{396682F3-0D44-4444-87F4-2078B98EC1E2}.Debug|Any CPU.ActiveCfg = Debug|Any CPU
		{396682F3-0D44-4444-87F4-2078B98EC1E2}.Debug|Any CPU.Build.0 = Debug|Any CPU
		{396682F3-0D44-4444-87F4-2078B98EC1E2}.Debug|Any CPU.Deploy.0 = Debug|Any CPU
		{396682F3-0D44-4444-87F4-2078B98EC1E2}.Release|Any CPU.ActiveCfg = Release|Any CPU
		{396682F3-0D44-4444-87F4-2078B98EC1E2}.Release|Any CPU.Build.0 = Release|Any CPU
		{396682F3-0D44-4444-87F4-2078B98EC1E2}.Release|Any CPU.Deploy.0 = Release|Any CPU
	EndGlobalSection
	GlobalSection(SolutionProperties) = preSolution
		HideSolutionNode = FALSE
	EndGlobalSection
	GlobalSection(ExtensibilityGlobals) = postSolution
		SolutionGuid = {363D8C14-9853-4F26-AA7E-65A8E3563D33}
	EndGlobalSection
EndGlobal
